// !$*UTF8*$!
{
	archiveVersion = 1;
	classes = {
	};
	objectVersion = 46;
	objects = {

/* Begin PBXBuildFile section */
		AA9C878A1C88A7000049B963 /* main.m in Sources */ = {isa = PBXBuildFile; fileRef = AA9C87891C88A7000049B963 /* main.m */; };
		AA9C878D1C88A7000049B963 /* AppDelegate.m in Sources */ = {isa = PBXBuildFile; fileRef = AA9C878C1C88A7000049B963 /* AppDelegate.m */; };
		AA9C878F1C88A7000049B963 /* Assets.xcassets in Resources */ = {isa = PBXBuildFile; fileRef = AA9C878E1C88A7000049B963 /* Assets.xcassets */; };
		AA9C87921C88A7000049B963 /* LaunchScreen.storyboard in Resources */ = {isa = PBXBuildFile; fileRef = AA9C87901C88A7000049B963 /* LaunchScreen.storyboard */; };
/* End PBXBuildFile section */

/* Begin PBXFileReference section */
		AA9C87851C88A7000049B963 /* ColectionView.app */ = {isa = PBXFileReference; explicitFileType = wrapper.application; includeInIndex = 0; path = ColectionView.app; sourceTree = BUILT_PRODUCTS_DIR; };
		AA9C87891C88A7000049B963 /* main.m */ = {isa = PBXFileReference; lastKnownFileType = sourcecode.c.objc; path = main.m; sourceTree = "<group>"; };
		AA9C878B1C88A7000049B963 /* AppDelegate.h */ = {isa = PBXFileReference; lastKnownFileType = sourcecode.c.h; path = AppDelegate.h; sourceTree = "<group>"; };
		AA9C878C1C88A7000049B963 /* AppDelegate.m */ = {isa = PBXFileReference; lastKnownFileType = sourcecode.c.objc; path = AppDelegate.m; sourceTree = "<group>"; };
		AA9C878E1C88A7000049B963 /* Assets.xcassets */ = {isa = PBXFileReference; lastKnownFileType = folder.assetcatalog; path = Assets.xcassets; sourceTree = "<group>"; };
		AA9C87911C88A7000049B963 /* Base */ = {isa = PBXFileReference; lastKnownFileType = file.storyboard; name = Base; path = Base.lproj/LaunchScreen.storyboard; sourceTree = "<group>"; };
		AA9C87931C88A7000049B963 /* Info.plist */ = {isa = PBXFileReference; lastKnownFileType = text.plist.xml; path = Info.plist; sourceTree = "<group>"; };
/* End PBXFileReference section */

/* Begin PBXFrameworksBuildPhase section */
		AA9C87821C88A7000049B963 /* Frameworks */ = {
			isa = PBXFrameworksBuildPhase;
			buildActionMask = 2147483647;
			files = (
			);
			runOnlyForDeploymentPostprocessing = 0;
		};
/* End PBXFrameworksBuildPhase section */

/* Begin PBXGroup section */
		AA9C877C1C88A7000049B963 = {
			isa = PBXGroup;
			children = (
				AA9C87871C88A7000049B963 /* ColectionView */,
				AA9C87861C88A7000049B963 /* Products */,
			);
			sourceTree = "<group>";
		};
		AA9C87861C88A7000049B963 /* Products */ = {
			isa = PBXGroup;
			children = (
				AA9C87851C88A7000049B963 /* ColectionView.app */,
			);
			name = Products;
			sourceTree = "<group>";
		};
		AA9C87871C88A7000049B963 /* ColectionView */ = {
			isa = PBXGroup;
			children = (
				AA9C878B1C88A7000049B963 /* AppDelegate.h */,
				AA9C878C1C88A7000049B963 /* AppDelegate.m */,
				AA9C878E1C88A7000049B963 /* Assets.xcassets */,
				AA9C87901C88A7000049B963 /* LaunchScreen.storyboard */,
				AA9C87931C88A7000049B963 /* Info.plist */,
				AA9C87881C88A7000049B963 /* Supporting Files */,
			);
			path = ColectionView;
			sourceTree = "<group>";
		};
		AA9C87881C88A7000049B963 /* Supporting Files */ = {
			isa = PBXGroup;
			children = (
				AA9C87891C88A7000049B963 /* main.m */,
			);
			name = "Supporting Files";
			sourceTree = "<group>";
		};
/* End PBXGroup section */

/* Begin PBXNativeTarget section */
		AA9C87841C88A7000049B963 /* ColectionView */ = {
			isa = PBXNativeTarget;
			buildConfigurationList = AA9C87961C88A7000049B963 /* Build configuration list for PBXNativeTarget "ColectionView" */;
			buildPhases = (
				AA9C87811C88A7000049B963 /* Sources */,
				AA9C87821C88A7000049B963 /* Frameworks */,
				AA9C87831C88A7000049B963 /* Resources */,
			);
			buildRules = (
			);
			dependencies = (
			);
			name = ColectionView;
			productName = ColectionView;
			productReference = AA9C87851C88A7000049B963 /* ColectionView.app */;
			productType = "com.apple.product-type.application";
		};
/* End PBXNativeTarget section */

/* Begin PBXProject section */
		AA9C877D1C88A7000049B963 /* Project object */ = {
			isa = PBXProject;
			attributes = {
				LastUpgradeCheck = 0720;
				ORGANIZATIONNAME = AOA;
				TargetAttributes = {
					AA9C87841C88A7000049B963 = {
						CreatedOnToolsVersion = 7.2.1;
					};
				};
			};
			buildConfigurationList = AA9C87801C88A7000049B963 /* Build configuration list for PBXProject "ColectionView" */;
			compatibilityVersion = "Xcode 3.2";
			developmentRegion = English;
			hasScannedForEncodings = 0;
			knownRegions = (
				en,
				Base,
			);
			mainGroup = AA9C877C1C88A7000049B963;
			productRefGroup = AA9C87861C88A7000049B963 /* Products */;
			projectDirPath = "";
			projectRoot = "";
			targets = (
				AA9C87841C88A7000049B963 /* ColectionView */,
			);
		};
/* End PBXProject section */

/* Begin PBXResourcesBuildPhase section */
		AA9C87831C88A7000049B963 /* Resources */ = {
			isa = PBXResourcesBuildPhase;
			buildActionMask = 2147483647;
			files = (
				AA9C878F1C88A7000049B963 /* Assets.xcassets in Resources */,
				AA9C87921C88A7000049B963 /* LaunchScreen.storyboard in Resources */,
			);
			runOnlyForDeploymentPostprocessing = 0;
		};
/* End PBXResourcesBuildPhase section */

/* Begin PBXSourcesBuildPhase section */
		AA9C87811C88A7000049B963 /* Sources */ = {
			isa = PBXSourcesBuildPhase;
			buildActionMask = 2147483647;
			files = (
				AA9C878D1C88A7000049B963 /* AppDelegate.m in Sources */,
				AA9C878A1C88A7000049B963 /* main.m in Sources */,
			);
			runOnlyForDeploymentPostprocessing = 0;
		};
/* End PBXSourcesBuildPhase section */

/* Begin PBXVariantGroup section */
		AA9C87901C88A7000049B963 /* LaunchScreen.storyboard */ = {
			isa = PBXVariantGroup;
			children = (
				AA9C87911C88A7000049B963 /* Base */,
			);
			name = LaunchScreen.storyboard;
			sourceTree = "<group>";
		};
/* End PBXVariantGroup section */

/* Begin XCBuildConfiguration section */
		AA9C87941C88A7000049B963 /* Debug */ = {
			isa = XCBuildConfiguration;
			buildSettings = {
				ALWAYS_SEARCH_USER_PATHS = NO;
				CLANG_CXX_LANGUAGE_STANDARD = "gnu++0x";
				CLANG_CXX_LIBRARY = "libc++";
				CLANG_ENABLE_MODULES = YES;
				CLANG_ENABLE_OBJC_ARC = YES;
				CLANG_WARN_BOOL_CONVERSION = YES;
				CLANG_WARN_CONSTANT_CONVERSION = YES;
				CLANG_WARN_DIRECT_OBJC_ISA_USAGE = YES_ERROR;
				CLANG_WARN_EMPTY_BODY = YES;
				CLANG_WARN_ENUM_CONVERSION = YES;
				CLANG_WARN_INT_CONVERSION = YES;
				CLANG_WARN_OBJC_ROOT_CLASS = YES_ERROR;
				CLANG_WARN_UNREACHABLE_CODE = YES;
				CLANG_WARN__DUPLICATE_METHOD_MATCH = YES;
				"CODE_SIGN_IDENTITY[sdk=iphoneos*]" = "iPhone Developer";
				COPY_PHASE_STRIP = NO;
				DEBUG_INFORMATION_FORMAT = dwarf;
				ENABLE_STRICT_OBJC_MSGSEND = YES;
				ENABLE_TESTABILITY = YES;
				GCC_C_LANGUAGE_STANDARD = gnu99;
				GCC_DYNAMIC_NO_PIC = NO;
				GCC_NO_COMMON_BLOCKS = YES;
				GCC_OPTIMIZATION_LEVEL = 0;
				GCC_PREPROCESSOR_DEFINITIONS = (
					"DEBUG=1",
					"$(inherited)",
				);
				GCC_WARN_64_TO_32_BIT_CONVERSION = YES;
				GCC_WARN_ABOUT_RETURN_TYPE = YES_ERROR;
				GCC_WARN_UNDECLARED_SELECTOR = YES;
				GCC_WARN_UNINITIALIZED_AUTOS = YES_AGGRESSIVE;
				GCC_WARN_UNUSED_FUNCTION = YES;
				GCC_WARN_UNUSED_VARIABLE = YES;
				IPHONEOS_DEPLOYMENT_TARGET = 9.2;
				MTL_ENABLE_DEBUG_INFO = YES;
				ONLY_ACTIVE_ARCH = YES;
				SDKROOT = iphoneos;
			};
			name = Debug;
		};
		AA9C87951C88A7000049B963 /* Release */ = {
			isa = XCBuildConfiguration;
			buildSettings = {
				ALWAYS_SEARCH_USER_PATHS = NO;
				CLANG_CXX_LANGUAGE_STANDARD = "gnu++0x";
				CLANG_CXX_LIBRARY = "libc++";
				CLANG_ENABLE_MODULES = YES;
				CLANG_ENABLE_OBJC_ARC = YES;
				CLANG_WARN_BOOL_CONVERSION = YES;
				CLANG_WARN_CONSTANT_CONVERSION = YES;
				CLANG_WARN_DIRECT_OBJC_ISA_USAGE = YES_ERROR;
				CLANG_WARN_EMPTY_BODY = YES;
				CLANG_WARN_ENUM_CONVERSION = YES;
				CLANG_WARN_INT_CONVERSION = YES;
				CLANG_WARN_OBJC_ROOT_CLASS = YES_ERROR;
				CLANG_WARN_UNREACHABLE_CODE = YES;
				CLANG_WARN__DUPLICATE_METHOD_MATCH = YES;
				"CODE_SIGN_IDENTITY[sdk=iphoneos*]" = "iPhone Developer";
				COPY_PHASE_STRIP = NO;
				DEBUG_INFORMATION_FORMAT = "dwarf-with-dsym";
				ENABLE_NS_ASSERTIONS = NO;
				ENABLE_STRICT_OBJC_MSGSEND = YES;
				GCC_C_LANGUAGE_STANDARD = gnu99;
				GCC_NO_COMMON_BLOCKS = YES;
				GCC_WARN_64_TO_32_BIT_CONVERSION = YES;
				GCC_WARN_ABOUT_RETURN_TYPE = YES_ERROR;
				GCC_WARN_UNDECLARED_SELECTOR = YES;
				GCC_WARN_UNINITIALIZED_AUTOS = YES_AGGRESSIVE;
				GCC_WARN_UNUSED_FUNCTION = YES;
				GCC_WARN_UNUSED_VARIABLE = YES;
				IPHONEOS_DEPLOYMENT_TARGET = 9.2;
				MTL_ENABLE_DEBUG_INFO = NO;
				SDKROOT = iphoneos;
				VALIDATE_PRODUCT = YES;
			};
			name = Release;
		};
		AA9C87971C88A7000049B963 /* Debug */ = {
			isa = XCBuildConfiguration;
			buildSettings = {
				ASSETCATALOG_COMPILER_APPICON_NAME = AppIcon;
				INFOPLIST_FILE = ColectionView/Info.plist;
				LD_RUNPATH_SEARCH_PATHS = "$(inherited) @executable_path/Frameworks";
				PRODUCT_BUNDLE_IDENTIFIER = me.akixe.keepcoding.progios.ColectionView;
				PRODUCT_NAME = "$(TARGET_NAME)";
			};
			name = Debug;
		};
		AA9C87981C88A7000049B963 /* Release */ = {
			isa = XCBuildConfiguration;
			buildSettings = {
				ASSETCATALOG_COMPILER_APPICON_NAME = AppIcon;
				INFOPLIST_FILE = ColectionView/Info.plist;
				LD_RUNPATH_SEARCH_PATHS = "$(inherited) @executable_path/Frameworks";
				PRODUCT_BUNDLE_IDENTIFIER = me.akixe.keepcoding.progios.ColectionView;
				PRODUCT_NAME = "$(TARGET_NAME)";
			};
			name = Release;
		};
/* End XCBuildConfiguration section */

/* Begin XCConfigurationList section */
		AA9C87801C88A7000049B963 /* Build configuration list for PBXProject "ColectionView" */ = {
			isa = XCConfigurationList;
			buildConfigurations = (
				AA9C87941C88A7000049B963 /* Debug */,
				AA9C87951C88A7000049B963 /* Release */,
			);
			defaultConfigurationIsVisible = 0;
			defaultConfigurationName = Release;
		};
		AA9C87961C88A7000049B963 /* Build configuration list for PBXNativeTarget "ColectionView" */ = {
			isa = XCConfigurationList;
			buildConfigurations = (
				AA9C87971C88A7000049B963 /* Debug */,
				AA9C87981C88A7000049B963 /* Release */,
			);
			defaultConfigurationIsVisible = 0;
		};
/* End XCConfigurationList section */
	};
	rootObject = AA9C877D1C88A7000049B963 /* Project object */;
}
